
Microsoft Visual Studio Solution File, Format Version 12.00
# Visual Studio Version 17
VisualStudioVersion = 17.10.35122.118
MinimumVisualStudioVersion = 10.0.40219.1
Project("{FAE04EC0-301F-11D3-BF4B-00C04F79EFBC}") = "IronSoftwareCodingChallenge", "IronSoftwareCodingChallenge\IronSoftwareCodingChallenge.csproj", "{7F14F514-CB9F-40E5-9518-E92A0DBAEE16}"
EndProject
Global
	GlobalSection(SolutionConfigurationPlatforms) = preSolution
		Debug|Any CPU = Debug|Any CPU
		Release|Any CPU = Release|Any CPU
	EndGlobalSection
	GlobalSection(ProjectConfigurationPlatforms) = postSolution
		{7F14F514-CB9F-40E5-9518-E92A0DBAEE16}.Debug|Any CPU.ActiveCfg = Debug|Any CPU
		{7F14F514-CB9F-40E5-9518-E92A0DBAEE16}.Debug|Any CPU.Build.0 = Debug|Any CPU
		{7F14F514-CB9F-40E5-9518-E92A0DBAEE16}.Release|Any CPU.ActiveCfg = Release|Any CPU
		{7F14F514-CB9F-40E5-9518-E92A0DBAEE16}.Release|Any CPU.Build.0 = Release|Any CPU
	EndGlobalSection
	GlobalSection(SolutionProperties) = preSolution
		HideSolutionNode = FALSE
	EndGlobalSection
	GlobalSection(ExtensibilityGlobals) = postSolution
		SolutionGuid = {DA16190B-464D-4DDB-A0F3-0DD150BB12F4}
	EndGlobalSection
EndGlobal
